
Microsoft Visual Studio Solution File, Format Version 12.00
# Visual Studio Version 16
VisualStudioVersion = 16.0.30104.148
MinimumVisualStudioVersion = 10.0.40219.1
Project("{9A19103F-16F7-4668-BE54-9A1E7A4F7556}") = "Enbrea.Ecf", "src\Enbrea.Ecf.csproj", "{7A9D311C-8AD7-4FE1-9881-BA6998613499}"
EndProject
Project("{9A19103F-16F7-4668-BE54-9A1E7A4F7556}") = "Enbrea.Ecf.XUnit", "test\Xunit\Enbrea.Ecf.XUnit.csproj", "{0C0DB0A6-635A-46C7-8722-71869FAD8DDE}"
EndProject
Global
	GlobalSection(SolutionConfigurationPlatforms) = preSolution
		Debug|Any CPU = Debug|Any CPU
		Release|Any CPU = Release|Any CPU
	EndGlobalSection
	GlobalSection(ProjectConfigurationPlatforms) = postSolution
		{7A9D311C-8AD7-4FE1-9881-BA6998613499}.Debug|Any CPU.ActiveCfg = Debug|Any CPU
		{7A9D311C-8AD7-4FE1-9881-BA6998613499}.Debug|Any CPU.Build.0 = Debug|Any CPU
		{7A9D311C-8AD7-4FE1-9881-BA6998613499}.Release|Any CPU.ActiveCfg = Release|Any CPU
		{7A9D311C-8AD7-4FE1-9881-BA6998613499}.Release|Any CPU.Build.0 = Release|Any CPU
		{0C0DB0A6-635A-46C7-8722-71869FAD8DDE}.Debug|Any CPU.ActiveCfg = Debug|Any CPU
		{0C0DB0A6-635A-46C7-8722-71869FAD8DDE}.Debug|Any CPU.Build.0 = Debug|Any CPU
		{0C0DB0A6-635A-46C7-8722-71869FAD8DDE}.Release|Any CPU.ActiveCfg = Release|Any CPU
		{0C0DB0A6-635A-46C7-8722-71869FAD8DDE}.Release|Any CPU.Build.0 = Release|Any CPU
	EndGlobalSection
	GlobalSection(SolutionProperties) = preSolution
		HideSolutionNode = FALSE
	EndGlobalSection
	GlobalSection(ExtensibilityGlobals) = postSolution
		SolutionGuid = {61779A51-553A-4CF0-B2C9-A35834E5ED60}
	EndGlobalSection
EndGlobal
